// !$*UTF8*$!
{
	archiveVersion = 1;
	classes = {
	};
	objectVersion = 50;
	objects = {

/* Begin PBXBuildFile section */
		9A6A9B1B265EBD7E0045602C /* AppDelegate.swift in Sources */ = {isa = PBXBuildFile; fileRef = 9A6A9B1A265EBD7E0045602C /* AppDelegate.swift */; };
		9A6A9B1D265EBD7E0045602C /* SceneDelegate.swift in Sources */ = {isa = PBXBuildFile; fileRef = 9A6A9B1C265EBD7E0045602C /* SceneDelegate.swift */; };
		9A6A9B1F265EBD7E0045602C /* MainVC.swift in Sources */ = {isa = PBXBuildFile; fileRef = 9A6A9B1E265EBD7E0045602C /* MainVC.swift */; };
		9A6A9B22265EBD7E0045602C /* Main.storyboard in Resources */ = {isa = PBXBuildFile; fileRef = 9A6A9B20265EBD7E0045602C /* Main.storyboard */; };
		9A6A9B24265EBD800045602C /* Assets.xcassets in Resources */ = {isa = PBXBuildFile; fileRef = 9A6A9B23265EBD800045602C /* Assets.xcassets */; };
		9A6A9B27265EBD800045602C /* LaunchScreen.storyboard in Resources */ = {isa = PBXBuildFile; fileRef = 9A6A9B25265EBD800045602C /* LaunchScreen.storyboard */; };
		9A896AE6265EC07100EE1004 /* CurrencyTextField.swift in Sources */ = {isa = PBXBuildFile; fileRef = 9A896AE5265EC07100EE1004 /* CurrencyTextField.swift */; };
		9A896AEE265EF45C00EE1004 /* window_shopperTests.swift in Sources */ = {isa = PBXBuildFile; fileRef = 9A896AED265EF45C00EE1004 /* window_shopperTests.swift */; };
		9A896AF7265EF4CF00EE1004 /* Wage.swift in Sources */ = {isa = PBXBuildFile; fileRef = 9A896AF6265EF4CF00EE1004 /* Wage.swift */; };
		9A896AF8265EF6F700EE1004 /* Wage.swift in Sources */ = {isa = PBXBuildFile; fileRef = 9A896AF6265EF4CF00EE1004 /* Wage.swift */; };
/* End PBXBuildFile section */

/* Begin PBXContainerItemProxy section */
		9A896AF0265EF45D00EE1004 /* PBXContainerItemProxy */ = {
			isa = PBXContainerItemProxy;
			containerPortal = 9A6A9B0F265EBD7E0045602C /* Project object */;
			proxyType = 1;
			remoteGlobalIDString = 9A6A9B16265EBD7E0045602C;
			remoteInfo = "window-shopper";
		};
/* End PBXContainerItemProxy section */

/* Begin PBXFileReference section */
		9A6A9B17265EBD7E0045602C /* window-shopper.app */ = {isa = PBXFileReference; explicitFileType = wrapper.application; includeInIndex = 0; path = "window-shopper.app"; sourceTree = BUILT_PRODUCTS_DIR; };
		9A6A9B1A265EBD7E0045602C /* AppDelegate.swift */ = {isa = PBXFileReference; lastKnownFileType = sourcecode.swift; path = AppDelegate.swift; sourceTree = "<group>"; };
		9A6A9B1C265EBD7E0045602C /* SceneDelegate.swift */ = {isa = PBXFileReference; lastKnownFileType = sourcecode.swift; path = SceneDelegate.swift; sourceTree = "<group>"; };
		9A6A9B1E265EBD7E0045602C /* MainVC.swift */ = {isa = PBXFileReference; lastKnownFileType = sourcecode.swift; path = MainVC.swift; sourceTree = "<group>"; };
		9A6A9B21265EBD7E0045602C /* Base */ = {isa = PBXFileReference; lastKnownFileType = file.storyboard; name = Base; path = Base.lproj/Main.storyboard; sourceTree = "<group>"; };
		9A6A9B23265EBD800045602C /* Assets.xcassets */ = {isa = PBXFileReference; lastKnownFileType = folder.assetcatalog; path = Assets.xcassets; sourceTree = "<group>"; };
		9A6A9B26265EBD800045602C /* Base */ = {isa = PBXFileReference; lastKnownFileType = file.storyboard; name = Base; path = Base.lproj/LaunchScreen.storyboard; sourceTree = "<group>"; };
		9A6A9B28265EBD800045602C /* Info.plist */ = {isa = PBXFileReference; lastKnownFileType = text.plist.xml; path = Info.plist; sourceTree = "<group>"; };
		9A896AE5265EC07100EE1004 /* CurrencyTextField.swift */ = {isa = PBXFileReference; lastKnownFileType = sourcecode.swift; path = CurrencyTextField.swift; sourceTree = "<group>"; };
		9A896AEB265EF45C00EE1004 /* window-shopperTests.xctest */ = {isa = PBXFileReference; explicitFileType = wrapper.cfbundle; includeInIndex = 0; path = "window-shopperTests.xctest"; sourceTree = BUILT_PRODUCTS_DIR; };
		9A896AED265EF45C00EE1004 /* window_shopperTests.swift */ = {isa = PBXFileReference; lastKnownFileType = sourcecode.swift; path = window_shopperTests.swift; sourceTree = "<group>"; };
		9A896AEF265EF45C00EE1004 /* Info.plist */ = {isa = PBXFileReference; lastKnownFileType = text.plist.xml; path = Info.plist; sourceTree = "<group>"; };
		9A896AF6265EF4CF00EE1004 /* Wage.swift */ = {isa = PBXFileReference; lastKnownFileType = sourcecode.swift; path = Wage.swift; sourceTree = "<group>"; };
/* End PBXFileReference section */

/* Begin PBXFrameworksBuildPhase section */
		9A6A9B14265EBD7E0045602C /* Frameworks */ = {
			isa = PBXFrameworksBuildPhase;
			buildActionMask = 2147483647;
			files = (
			);
			runOnlyForDeploymentPostprocessing = 0;
		};
		9A896AE8265EF45C00EE1004 /* Frameworks */ = {
			isa = PBXFrameworksBuildPhase;
			buildActionMask = 2147483647;
			files = (
			);
			runOnlyForDeploymentPostprocessing = 0;
		};
/* End PBXFrameworksBuildPhase section */

/* Begin PBXGroup section */
		9A6A9B0E265EBD7E0045602C = {
			isa = PBXGroup;
			children = (
				9A6A9B19265EBD7E0045602C /* window-shopper */,
				9A896AEC265EF45C00EE1004 /* window-shopperTests */,
				9A6A9B18265EBD7E0045602C /* Products */,
			);
			sourceTree = "<group>";
		};
		9A6A9B18265EBD7E0045602C /* Products */ = {
			isa = PBXGroup;
			children = (
				9A6A9B17265EBD7E0045602C /* window-shopper.app */,
				9A896AEB265EF45C00EE1004 /* window-shopperTests.xctest */,
			);
			name = Products;
			sourceTree = "<group>";
		};
		9A6A9B19265EBD7E0045602C /* window-shopper */ = {
			isa = PBXGroup;
			children = (
				9A896AF5265EF47500EE1004 /* Model */,
				9A896AE4265EBFD300EE1004 /* Views */,
				9A6A9B2E265EBE160045602C /* Controller */,
				9A6A9B1A265EBD7E0045602C /* AppDelegate.swift */,
				9A6A9B1C265EBD7E0045602C /* SceneDelegate.swift */,
				9A6A9B20265EBD7E0045602C /* Main.storyboard */,
				9A6A9B23265EBD800045602C /* Assets.xcassets */,
				9A6A9B25265EBD800045602C /* LaunchScreen.storyboard */,
				9A6A9B28265EBD800045602C /* Info.plist */,
			);
			path = "window-shopper";
			sourceTree = "<group>";
		};
		9A6A9B2E265EBE160045602C /* Controller */ = {
			isa = PBXGroup;
			children = (
				9A6A9B1E265EBD7E0045602C /* MainVC.swift */,
			);
			path = Controller;
			sourceTree = "<group>";
		};
		9A896AE4265EBFD300EE1004 /* Views */ = {
			isa = PBXGroup;
			children = (
				9A896AE5265EC07100EE1004 /* CurrencyTextField.swift */,
			);
			path = Views;
			sourceTree = "<group>";
		};
		9A896AEC265EF45C00EE1004 /* window-shopperTests */ = {
			isa = PBXGroup;
			children = (
				9A896AED265EF45C00EE1004 /* window_shopperTests.swift */,
				9A896AEF265EF45C00EE1004 /* Info.plist */,
			);
			path = "window-shopperTests";
			sourceTree = "<group>";
		};
		9A896AF5265EF47500EE1004 /* Model */ = {
			isa = PBXGroup;
			children = (
				9A896AF6265EF4CF00EE1004 /* Wage.swift */,
			);
			path = Model;
			sourceTree = "<group>";
		};
/* End PBXGroup section */

/* Begin PBXNativeTarget section */
		9A6A9B16265EBD7E0045602C /* window-shopper */ = {
			isa = PBXNativeTarget;
			buildConfigurationList = 9A6A9B2B265EBD800045602C /* Build configuration list for PBXNativeTarget "window-shopper" */;
			buildPhases = (
				9A6A9B13265EBD7E0045602C /* Sources */,
				9A6A9B14265EBD7E0045602C /* Frameworks */,
				9A6A9B15265EBD7E0045602C /* Resources */,
			);
			buildRules = (
			);
			dependencies = (
			);
			name = "window-shopper";
			productName = "window-shopper";
			productReference = 9A6A9B17265EBD7E0045602C /* window-shopper.app */;
			productType = "com.apple.product-type.application";
		};
		9A896AEA265EF45C00EE1004 /* window-shopperTests */ = {
			isa = PBXNativeTarget;
			buildConfigurationList = 9A896AF2265EF45D00EE1004 /* Build configuration list for PBXNativeTarget "window-shopperTests" */;
			buildPhases = (
				9A896AE7265EF45C00EE1004 /* Sources */,
				9A896AE8265EF45C00EE1004 /* Frameworks */,
				9A896AE9265EF45C00EE1004 /* Resources */,
			);
			buildRules = (
			);
			dependencies = (
				9A896AF1265EF45D00EE1004 /* PBXTargetDependency */,
			);
			name = "window-shopperTests";
			productName = "window-shopperTests";
			productReference = 9A896AEB265EF45C00EE1004 /* window-shopperTests.xctest */;
			productType = "com.apple.product-type.bundle.unit-test";
		};
/* End PBXNativeTarget section */

/* Begin PBXProject section */
		9A6A9B0F265EBD7E0045602C /* Project object */ = {
			isa = PBXProject;
			attributes = {
				LastSwiftUpdateCheck = 1250;
				LastUpgradeCheck = 1250;
				TargetAttributes = {
					9A6A9B16265EBD7E0045602C = {
						CreatedOnToolsVersion = 12.5;
					};
					9A896AEA265EF45C00EE1004 = {
						CreatedOnToolsVersion = 12.5;
						TestTargetID = 9A6A9B16265EBD7E0045602C;
					};
				};
			};
			buildConfigurationList = 9A6A9B12265EBD7E0045602C /* Build configuration list for PBXProject "window-shopper" */;
			compatibilityVersion = "Xcode 9.3";
			developmentRegion = en;
			hasScannedForEncodings = 0;
			knownRegions = (
				en,
				Base,
			);
			mainGroup = 9A6A9B0E265EBD7E0045602C;
			productRefGroup = 9A6A9B18265EBD7E0045602C /* Products */;
			projectDirPath = "";
			projectRoot = "";
			targets = (
				9A6A9B16265EBD7E0045602C /* window-shopper */,
				9A896AEA265EF45C00EE1004 /* window-shopperTests */,
			);
		};
/* End PBXProject section */

/* Begin PBXResourcesBuildPhase section */
		9A6A9B15265EBD7E0045602C /* Resources */ = {
			isa = PBXResourcesBuildPhase;
			buildActionMask = 2147483647;
			files = (
				9A6A9B27265EBD800045602C /* LaunchScreen.storyboard in Resources */,
				9A6A9B24265EBD800045602C /* Assets.xcassets in Resources */,
				9A6A9B22265EBD7E0045602C /* Main.storyboard in Resources */,
			);
			runOnlyForDeploymentPostprocessing = 0;
		};
		9A896AE9265EF45C00EE1004 /* Resources */ = {
			isa = PBXResourcesBuildPhase;
			buildActionMask = 2147483647;
			files = (
			);
			runOnlyForDeploymentPostprocessing = 0;
		};
/* End PBXResourcesBuildPhase section */

/* Begin PBXSourcesBuildPhase section */
		9A6A9B13265EBD7E0045602C /* Sources */ = {
			isa = PBXSourcesBuildPhase;
			buildActionMask = 2147483647;
			files = (
				9A6A9B1F265EBD7E0045602C /* MainVC.swift in Sources */,
				9A6A9B1B265EBD7E0045602C /* AppDelegate.swift in Sources */,
				9A896AF7265EF4CF00EE1004 /* Wage.swift in Sources */,
				9A896AE6265EC07100EE1004 /* CurrencyTextField.swift in Sources */,
				9A6A9B1D265EBD7E0045602C /* SceneDelegate.swift in Sources */,
			);
			runOnlyForDeploymentPostprocessing = 0;
		};
		9A896AE7265EF45C00EE1004 /* Sources */ = {
			isa = PBXSourcesBuildPhase;
			buildActionMask = 2147483647;
			files = (
				9A896AEE265EF45C00EE1004 /* window_shopperTests.swift in Sources */,
				9A896AF8265EF6F700EE1004 /* Wage.swift in Sources */,
			);
			runOnlyForDeploymentPostprocessing = 0;
		};
/* End PBXSourcesBuildPhase section */

/* Begin PBXTargetDependency section */
		9A896AF1265EF45D00EE1004 /* PBXTargetDependency */ = {
			isa = PBXTargetDependency;
			target = 9A6A9B16265EBD7E0045602C /* window-shopper */;
			targetProxy = 9A896AF0265EF45D00EE1004 /* PBXContainerItemProxy */;
		};
/* End PBXTargetDependency section */

/* Begin PBXVariantGroup section */
		9A6A9B20265EBD7E0045602C /* Main.storyboard */ = {
			isa = PBXVariantGroup;
			children = (
				9A6A9B21265EBD7E0045602C /* Base */,
			);
			name = Main.storyboard;
			sourceTree = "<group>";
		};
		9A6A9B25265EBD800045602C /* LaunchScreen.storyboard */ = {
			isa = PBXVariantGroup;
			children = (
				9A6A9B26265EBD800045602C /* Base */,
			);
			name = LaunchScreen.storyboard;
			sourceTree = "<group>";
		};
/* End PBXVariantGroup section */

/* Begin XCBuildConfiguration section */
		9A6A9B29265EBD800045602C /* Debug */ = {
			isa = XCBuildConfiguration;
			buildSettings = {
				ALWAYS_SEARCH_USER_PATHS = NO;
				CLANG_ANALYZER_NONNULL = YES;
				CLANG_ANALYZER_NUMBER_OBJECT_CONVERSION = YES_AGGRESSIVE;
				CLANG_CXX_LANGUAGE_STANDARD = "gnu++14";
				CLANG_CXX_LIBRARY = "libc++";
				CLANG_ENABLE_MODULES = YES;
				CLANG_ENABLE_OBJC_ARC = YES;
				CLANG_ENABLE_OBJC_WEAK = YES;
				CLANG_WARN_BLOCK_CAPTURE_AUTORELEASING = YES;
				CLANG_WARN_BOOL_CONVERSION = YES;
				CLANG_WARN_COMMA = YES;
				CLANG_WARN_CONSTANT_CONVERSION = YES;
				CLANG_WARN_DEPRECATED_OBJC_IMPLEMENTATIONS = YES;
				CLANG_WARN_DIRECT_OBJC_ISA_USAGE = YES_ERROR;
				CLANG_WARN_DOCUMENTATION_COMMENTS = YES;
				CLANG_WARN_EMPTY_BODY = YES;
				CLANG_WARN_ENUM_CONVERSION = YES;
				CLANG_WARN_INFINITE_RECURSION = YES;
				CLANG_WARN_INT_CONVERSION = YES;
				CLANG_WARN_NON_LITERAL_NULL_CONVERSION = YES;
				CLANG_WARN_OBJC_IMPLICIT_RETAIN_SELF = YES;
				CLANG_WARN_OBJC_LITERAL_CONVERSION = YES;
				CLANG_WARN_OBJC_ROOT_CLASS = YES_ERROR;
				CLANG_WARN_QUOTED_INCLUDE_IN_FRAMEWORK_HEADER = YES;
				CLANG_WARN_RANGE_LOOP_ANALYSIS = YES;
				CLANG_WARN_STRICT_PROTOTYPES = YES;
				CLANG_WARN_SUSPICIOUS_MOVE = YES;
				CLANG_WARN_UNGUARDED_AVAILABILITY = YES_AGGRESSIVE;
				CLANG_WARN_UNREACHABLE_CODE = YES;
				CLANG_WARN__DUPLICATE_METHOD_MATCH = YES;
				COPY_PHASE_STRIP = NO;
				DEBUG_INFORMATION_FORMAT = dwarf;
				ENABLE_STRICT_OBJC_MSGSEND = YES;
				ENABLE_TESTABILITY = YES;
				GCC_C_LANGUAGE_STANDARD = gnu11;
				GCC_DYNAMIC_NO_PIC = NO;
				GCC_NO_COMMON_BLOCKS = YES;
				GCC_OPTIMIZATION_LEVEL = 0;
				GCC_PREPROCESSOR_DEFINITIONS = (
					"DEBUG=1",
					"$(inherited)",
				);
				GCC_WARN_64_TO_32_BIT_CONVERSION = YES;
				GCC_WARN_ABOUT_RETURN_TYPE = YES_ERROR;
				GCC_WARN_UNDECLARED_SELECTOR = YES;
				GCC_WARN_UNINITIALIZED_AUTOS = YES_AGGRESSIVE;
				GCC_WARN_UNUSED_FUNCTION = YES;
				GCC_WARN_UNUSED_VARIABLE = YES;
				IPHONEOS_DEPLOYMENT_TARGET = 14.5;
				MTL_ENABLE_DEBUG_INFO = INCLUDE_SOURCE;
				MTL_FAST_MATH = YES;
				ONLY_ACTIVE_ARCH = YES;
				SDKROOT = iphoneos;
				SWIFT_ACTIVE_COMPILATION_CONDITIONS = DEBUG;
				SWIFT_OPTIMIZATION_LEVEL = "-Onone";
			};
			name = Debug;
		};
		9A6A9B2A265EBD800045602C /* Release */ = {
			isa = XCBuildConfiguration;
			buildSettings = {
				ALWAYS_SEARCH_USER_PATHS = NO;
				CLANG_ANALYZER_NONNULL = YES;
				CLANG_ANALYZER_NUMBER_OBJECT_CONVERSION = YES_AGGRESSIVE;
				CLANG_CXX_LANGUAGE_STANDARD = "gnu++14";
				CLANG_CXX_LIBRARY = "libc++";
				CLANG_ENABLE_MODULES = YES;
				CLANG_ENABLE_OBJC_ARC = YES;
				CLANG_ENABLE_OBJC_WEAK = YES;
				CLANG_WARN_BLOCK_CAPTURE_AUTORELEASING = YES;
				CLANG_WARN_BOOL_CONVERSION = YES;
				CLANG_WARN_COMMA = YES;
				CLANG_WARN_CONSTANT_CONVERSION = YES;
				CLANG_WARN_DEPRECATED_OBJC_IMPLEMENTATIONS = YES;
				CLANG_WARN_DIRECT_OBJC_ISA_USAGE = YES_ERROR;
				CLANG_WARN_DOCUMENTATION_COMMENTS = YES;
				CLANG_WARN_EMPTY_BODY = YES;
				CLANG_WARN_ENUM_CONVERSION = YES;
				CLANG_WARN_INFINITE_RECURSION = YES;
				CLANG_WARN_INT_CONVERSION = YES;
				CLANG_WARN_NON_LITERAL_NULL_CONVERSION = YES;
				CLANG_WARN_OBJC_IMPLICIT_RETAIN_SELF = YES;
				CLANG_WARN_OBJC_LITERAL_CONVERSION = YES;
				CLANG_WARN_OBJC_ROOT_CLASS = YES_ERROR;
				CLANG_WARN_QUOTED_INCLUDE_IN_FRAMEWORK_HEADER = YES;
				CLANG_WARN_RANGE_LOOP_ANALYSIS = YES;
				CLANG_WARN_STRICT_PROTOTYPES = YES;
				CLANG_WARN_SUSPICIOUS_MOVE = YES;
				CLANG_WARN_UNGUARDED_AVAILABILITY = YES_AGGRESSIVE;
				CLANG_WARN_UNREACHABLE_CODE = YES;
				CLANG_WARN__DUPLICATE_METHOD_MATCH = YES;
				COPY_PHASE_STRIP = NO;
				DEBUG_INFORMATION_FORMAT = "dwarf-with-dsym";
				ENABLE_NS_ASSERTIONS = NO;
				ENABLE_STRICT_OBJC_MSGSEND = YES;
				GCC_C_LANGUAGE_STANDARD = gnu11;
				GCC_NO_COMMON_BLOCKS = YES;
				GCC_WARN_64_TO_32_BIT_CONVERSION = YES;
				GCC_WARN_ABOUT_RETURN_TYPE = YES_ERROR;
				GCC_WARN_UNDECLARED_SELECTOR = YES;
				GCC_WARN_UNINITIALIZED_AUTOS = YES_AGGRESSIVE;
				GCC_WARN_UNUSED_FUNCTION = YES;
				GCC_WARN_UNUSED_VARIABLE = YES;
				IPHONEOS_DEPLOYMENT_TARGET = 14.5;
				MTL_ENABLE_DEBUG_INFO = NO;
				MTL_FAST_MATH = YES;
				SDKROOT = iphoneos;
				SWIFT_COMPILATION_MODE = wholemodule;
				SWIFT_OPTIMIZATION_LEVEL = "-O";
				VALIDATE_PRODUCT = YES;
			};
			name = Release;
		};
		9A6A9B2C265EBD800045602C /* Debug */ = {
			isa = XCBuildConfiguration;
			buildSettings = {
				ASSETCATALOG_COMPILER_APPICON_NAME = AppIcon;
				ASSETCATALOG_COMPILER_GLOBAL_ACCENT_COLOR_NAME = AccentColor;
				CODE_SIGN_STYLE = Automatic;
				DEVELOPMENT_TEAM = 9ANZR8LJWA;
				INFOPLIST_FILE = "window-shopper/Info.plist";
				LD_RUNPATH_SEARCH_PATHS = (
					"$(inherited)",
					"@executable_path/Frameworks",
				);
				PRODUCT_BUNDLE_IDENTIFIER = "Lauren-Heller.window-shopper";
				PRODUCT_NAME = "$(TARGET_NAME)";
				SWIFT_VERSION = 5.0;
				TARGETED_DEVICE_FAMILY = "1,2";
			};
			name = Debug;
		};
		9A6A9B2D265EBD800045602C /* Release */ = {
			isa = XCBuildConfiguration;
			buildSettings = {
				ASSETCATALOG_COMPILER_APPICON_NAME = AppIcon;
				ASSETCATALOG_COMPILER_GLOBAL_ACCENT_COLOR_NAME = AccentColor;
				CODE_SIGN_STYLE = Automatic;
				DEVELOPMENT_TEAM = 9ANZR8LJWA;
				INFOPLIST_FILE = "window-shopper/Info.plist";
				LD_RUNPATH_SEARCH_PATHS = (
					"$(inherited)",
					"@executable_path/Frameworks",
				);
				PRODUCT_BUNDLE_IDENTIFIER = "Lauren-Heller.window-shopper";
				PRODUCT_NAME = "$(TARGET_NAME)";
				SWIFT_VERSION = 5.0;
				TARGETED_DEVICE_FAMILY = "1,2";
			};
			name = Release;
		};
		9A896AF3265EF45D00EE1004 /* Debug */ = {
			isa = XCBuildConfiguration;
			buildSettings = {
				BUNDLE_LOADER = "$(TEST_HOST)";
				CODE_SIGN_STYLE = Automatic;
				DEVELOPMENT_TEAM = 9ANZR8LJWA;
				INFOPLIST_FILE = "window-shopperTests/Info.plist";
				LD_RUNPATH_SEARCH_PATHS = (
					"$(inherited)",
					"@executable_path/Frameworks",
					"@loader_path/Frameworks",
				);
				PRODUCT_BUNDLE_IDENTIFIER = "Lauren-Heller.window-shopperTests";
				PRODUCT_NAME = "$(TARGET_NAME)";
				SWIFT_VERSION = 5.0;
				TARGETED_DEVICE_FAMILY = "1,2";
				TEST_HOST = "$(BUILT_PRODUCTS_DIR)/window-shopper.app/window-shopper";
			};
			name = Debug;
		};
		9A896AF4265EF45D00EE1004 /* Release */ = {
			isa = XCBuildConfiguration;
			buildSettings = {
				BUNDLE_LOADER = "$(TEST_HOST)";
				CODE_SIGN_STYLE = Automatic;
				DEVELOPMENT_TEAM = 9ANZR8LJWA;
				INFOPLIST_FILE = "window-shopperTests/Info.plist";
				LD_RUNPATH_SEARCH_PATHS = (
					"$(inherited)",
					"@executable_path/Frameworks",
					"@loader_path/Frameworks",
				);
				PRODUCT_BUNDLE_IDENTIFIER = "Lauren-Heller.window-shopperTests";
				PRODUCT_NAME = "$(TARGET_NAME)";
				SWIFT_VERSION = 5.0;
				TARGETED_DEVICE_FAMILY = "1,2";
				TEST_HOST = "$(BUILT_PRODUCTS_DIR)/window-shopper.app/window-shopper";
			};
			name = Release;
		};
/* End XCBuildConfiguration section */

/* Begin XCConfigurationList section */
		9A6A9B12265EBD7E0045602C /* Build configuration list for PBXProject "window-shopper" */ = {
			isa = XCConfigurationList;
			buildConfigurations = (
				9A6A9B29265EBD800045602C /* Debug */,
				9A6A9B2A265EBD800045602C /* Release */,
			);
			defaultConfigurationIsVisible = 0;
			defaultConfigurationName = Release;
		};
		9A6A9B2B265EBD800045602C /* Build configuration list for PBXNativeTarget "window-shopper" */ = {
			isa = XCConfigurationList;
			buildConfigurations = (
				9A6A9B2C265EBD800045602C /* Debug */,
				9A6A9B2D265EBD800045602C /* Release */,
			);
			defaultConfigurationIsVisible = 0;
			defaultConfigurationName = Release;
		};
		9A896AF2265EF45D00EE1004 /* Build configuration list for PBXNativeTarget "window-shopperTests" */ = {
			isa = XCConfigurationList;
			buildConfigurations = (
				9A896AF3265EF45D00EE1004 /* Debug */,
				9A896AF4265EF45D00EE1004 /* Release */,
			);
			defaultConfigurationIsVisible = 0;
			defaultConfigurationName = Release;
		};
/* End XCConfigurationList section */
	};
	rootObject = 9A6A9B0F265EBD7E0045602C /* Project object */;
}
